
Microsoft Visual Studio Solution File, Format Version 12.00
# Visual Studio Version 17
VisualStudioVersion = 17.3.32825.248
MinimumVisualStudioVersion = 10.0.40219.1
Project("{9A19103F-16F7-4668-BE54-9A1E7A4F7556}") = "GrpcRemoting", "GrpcRemoting\GrpcRemoting.csproj", "{5ABBA252-0A16-446D-AF6A-B4FCC6743C36}"
EndProject
Project("{9A19103F-16F7-4668-BE54-9A1E7A4F7556}") = "GrpcRemoting.Tests", "GrpcRemoting.Tests\GrpcRemoting.Tests.csproj", "{4C9666BF-FDC1-4A06-901F-244236CF75F6}"
EndProject
Project("{9A19103F-16F7-4668-BE54-9A1E7A4F7556}") = "GrpcRemoting.Tests.ExternalTypes", "GrpcRemoting.Tests.ExternalTypes\GrpcRemoting.Tests.ExternalTypes.csproj", "{BBE9BE55-9045-4E6C-8B87-0609DBF6D8AA}"
EndProject
Project("{FAE04EC0-301F-11D3-BF4B-00C04F79EFBC}") = "ClientNet48", "Examples\ClientNet48\ClientNet48.csproj", "{4E67908F-0983-47DA-9395-EBDE36CA116B}"
EndProject
Project("{2150E333-8FDC-42A3-9474-1A3956D46DE8}") = "Examples", "Examples", "{2833ECBF-B58A-4082-A992-74D27614427D}"
EndProject
Project("{9A19103F-16F7-4668-BE54-9A1E7A4F7556}") = "ClientNet60", "Examples\ClientNet60\ClientNet60.csproj", "{E9070C51-A722-4DB3-8C79-806E0A56FA94}"
EndProject
Project("{FAE04EC0-301F-11D3-BF4B-00C04F79EFBC}") = "ServerNet48", "Examples\ServerNet48\ServerNet48.csproj", "{E6CBD0CC-83A8-480C-9D87-F3333EB4E3B1}"
EndProject
Project("{9A19103F-16F7-4668-BE54-9A1E7A4F7556}") = "ServerNet60", "Examples\ServerNet60\ServerNet60.csproj", "{B656C943-8AC7-4409-A1D0-E357B9F74832}"
EndProject
Project("{FAE04EC0-301F-11D3-BF4B-00C04F79EFBC}") = "ServerNet50", "Examples\ServerNet50\ServerNet50\ServerNet50.csproj", "{DD2398B3-0CDA-4B06-812E-26E010A958E0}"
EndProject
Project("{FAE04EC0-301F-11D3-BF4B-00C04F79EFBC}") = "GrpcService1", "GrpcService1\GrpcService1.csproj", "{8735F305-AC8C-4C92-9279-A5BEE1B913E8}"
EndProject
Global
	GlobalSection(SolutionConfigurationPlatforms) = preSolution
		Debug|Any CPU = Debug|Any CPU
		Release|Any CPU = Release|Any CPU
	EndGlobalSection
	GlobalSection(ProjectConfigurationPlatforms) = postSolution
		{5ABBA252-0A16-446D-AF6A-B4FCC6743C36}.Debug|Any CPU.ActiveCfg = Debug|Any CPU
		{5ABBA252-0A16-446D-AF6A-B4FCC6743C36}.Debug|Any CPU.Build.0 = Debug|Any CPU
		{5ABBA252-0A16-446D-AF6A-B4FCC6743C36}.Release|Any CPU.ActiveCfg = Release|Any CPU
		{5ABBA252-0A16-446D-AF6A-B4FCC6743C36}.Release|Any CPU.Build.0 = Release|Any CPU
		{4C9666BF-FDC1-4A06-901F-244236CF75F6}.Debug|Any CPU.ActiveCfg = Debug|Any CPU
		{4C9666BF-FDC1-4A06-901F-244236CF75F6}.Debug|Any CPU.Build.0 = Debug|Any CPU
		{4C9666BF-FDC1-4A06-901F-244236CF75F6}.Release|Any CPU.ActiveCfg = Release|Any CPU
		{4C9666BF-FDC1-4A06-901F-244236CF75F6}.Release|Any CPU.Build.0 = Release|Any CPU
		{BBE9BE55-9045-4E6C-8B87-0609DBF6D8AA}.Debug|Any CPU.ActiveCfg = Debug|Any CPU
		{BBE9BE55-9045-4E6C-8B87-0609DBF6D8AA}.Debug|Any CPU.Build.0 = Debug|Any CPU
		{BBE9BE55-9045-4E6C-8B87-0609DBF6D8AA}.Release|Any CPU.ActiveCfg = Release|Any CPU
		{BBE9BE55-9045-4E6C-8B87-0609DBF6D8AA}.Release|Any CPU.Build.0 = Release|Any CPU
		{4E67908F-0983-47DA-9395-EBDE36CA116B}.Debug|Any CPU.ActiveCfg = Debug|Any CPU
		{4E67908F-0983-47DA-9395-EBDE36CA116B}.Debug|Any CPU.Build.0 = Debug|Any CPU
		{4E67908F-0983-47DA-9395-EBDE36CA116B}.Release|Any CPU.ActiveCfg = Release|Any CPU
		{4E67908F-0983-47DA-9395-EBDE36CA116B}.Release|Any CPU.Build.0 = Release|Any CPU
		{E9070C51-A722-4DB3-8C79-806E0A56FA94}.Debug|Any CPU.ActiveCfg = Debug|Any CPU
		{E9070C51-A722-4DB3-8C79-806E0A56FA94}.Debug|Any CPU.Build.0 = Debug|Any CPU
		{E9070C51-A722-4DB3-8C79-806E0A56FA94}.Release|Any CPU.ActiveCfg = Release|Any CPU
		{E9070C51-A722-4DB3-8C79-806E0A56FA94}.Release|Any CPU.Build.0 = Release|Any CPU
		{E6CBD0CC-83A8-480C-9D87-F3333EB4E3B1}.Debug|Any CPU.ActiveCfg = Debug|Any CPU
		{E6CBD0CC-83A8-480C-9D87-F3333EB4E3B1}.Debug|Any CPU.Build.0 = Debug|Any CPU
		{E6CBD0CC-83A8-480C-9D87-F3333EB4E3B1}.Release|Any CPU.ActiveCfg = Release|Any CPU
		{E6CBD0CC-83A8-480C-9D87-F3333EB4E3B1}.Release|Any CPU.Build.0 = Release|Any CPU
		{B656C943-8AC7-4409-A1D0-E357B9F74832}.Debug|Any CPU.ActiveCfg = Debug|Any CPU
		{B656C943-8AC7-4409-A1D0-E357B9F74832}.Debug|Any CPU.Build.0 = Debug|Any CPU
		{B656C943-8AC7-4409-A1D0-E357B9F74832}.Release|Any CPU.ActiveCfg = Release|Any CPU
		{B656C943-8AC7-4409-A1D0-E357B9F74832}.Release|Any CPU.Build.0 = Release|Any CPU
		{DD2398B3-0CDA-4B06-812E-26E010A958E0}.Debug|Any CPU.ActiveCfg = Debug|Any CPU
		{DD2398B3-0CDA-4B06-812E-26E010A958E0}.Debug|Any CPU.Build.0 = Debug|Any CPU
		{DD2398B3-0CDA-4B06-812E-26E010A958E0}.Release|Any CPU.ActiveCfg = Release|Any CPU
		{DD2398B3-0CDA-4B06-812E-26E010A958E0}.Release|Any CPU.Build.0 = Release|Any CPU
		{8735F305-AC8C-4C92-9279-A5BEE1B913E8}.Debug|Any CPU.ActiveCfg = Debug|Any CPU
		{8735F305-AC8C-4C92-9279-A5BEE1B913E8}.Debug|Any CPU.Build.0 = Debug|Any CPU
		{8735F305-AC8C-4C92-9279-A5BEE1B913E8}.Release|Any CPU.ActiveCfg = Release|Any CPU
		{8735F305-AC8C-4C92-9279-A5BEE1B913E8}.Release|Any CPU.Build.0 = Release|Any CPU
	EndGlobalSection
	GlobalSection(SolutionProperties) = preSolution
		HideSolutionNode = FALSE
	EndGlobalSection
	GlobalSection(NestedProjects) = preSolution
		{4E67908F-0983-47DA-9395-EBDE36CA116B} = {2833ECBF-B58A-4082-A992-74D27614427D}
		{E9070C51-A722-4DB3-8C79-806E0A56FA94} = {2833ECBF-B58A-4082-A992-74D27614427D}
		{E6CBD0CC-83A8-480C-9D87-F3333EB4E3B1} = {2833ECBF-B58A-4082-A992-74D27614427D}
		{B656C943-8AC7-4409-A1D0-E357B9F74832} = {2833ECBF-B58A-4082-A992-74D27614427D}
		{DD2398B3-0CDA-4B06-812E-26E010A958E0} = {2833ECBF-B58A-4082-A992-74D27614427D}
		{8735F305-AC8C-4C92-9279-A5BEE1B913E8} = {2833ECBF-B58A-4082-A992-74D27614427D}
	EndGlobalSection
	GlobalSection(ExtensibilityGlobals) = postSolution
		SolutionGuid = {3A054D58-17BA-4DCC-80E1-8E04282C61BC}
	EndGlobalSection
EndGlobal
